
Microsoft Visual Studio Solution File, Format Version 12.00
# Visual Studio Version 17
VisualStudioVersion = 17.8.34330.188
MinimumVisualStudioVersion = 10.0.40219.1
Project("{9A19103F-16F7-4668-BE54-9A1E7A4F7556}") = "StringSorterApplicatoin", "StringSorterApplicatoin\StringSorterApplicatoin.csproj", "{5B3EEDC0-2F51-4AC6-B86D-EC6D5353B416}"
EndProject
Project("{FAE04EC0-301F-11D3-BF4B-00C04F79EFBC}") = "StringSorterApplication.Tests", "StringSorterApplication.Tests\StringSorterApplication.Tests.csproj", "{346CD146-0B5F-4959-9552-2961A9113D6B}"
EndProject
Global
	GlobalSection(SolutionConfigurationPlatforms) = preSolution
		Debug|Any CPU = Debug|Any CPU
		Release|Any CPU = Release|Any CPU
	EndGlobalSection
	GlobalSection(ProjectConfigurationPlatforms) = postSolution
		{5B3EEDC0-2F51-4AC6-B86D-EC6D5353B416}.Debug|Any CPU.ActiveCfg = Debug|Any CPU
		{5B3EEDC0-2F51-4AC6-B86D-EC6D5353B416}.Debug|Any CPU.Build.0 = Debug|Any CPU
		{5B3EEDC0-2F51-4AC6-B86D-EC6D5353B416}.Release|Any CPU.ActiveCfg = Release|Any CPU
		{5B3EEDC0-2F51-4AC6-B86D-EC6D5353B416}.Release|Any CPU.Build.0 = Release|Any CPU
		{346CD146-0B5F-4959-9552-2961A9113D6B}.Debug|Any CPU.ActiveCfg = Debug|Any CPU
		{346CD146-0B5F-4959-9552-2961A9113D6B}.Debug|Any CPU.Build.0 = Debug|Any CPU
		{346CD146-0B5F-4959-9552-2961A9113D6B}.Release|Any CPU.ActiveCfg = Release|Any CPU
		{346CD146-0B5F-4959-9552-2961A9113D6B}.Release|Any CPU.Build.0 = Release|Any CPU
	EndGlobalSection
	GlobalSection(SolutionProperties) = preSolution
		HideSolutionNode = FALSE
	EndGlobalSection
	GlobalSection(ExtensibilityGlobals) = postSolution
		SolutionGuid = {9405FFB5-7B35-43BC-B63A-3A4314D6F78D}
	EndGlobalSection
EndGlobal
